
Microsoft Visual Studio Solution File, Format Version 12.00
# Visual Studio Version 17
VisualStudioVersion = 17.7.34018.315
MinimumVisualStudioVersion = 10.0.40219.1
Project("{FAE04EC0-301F-11D3-BF4B-00C04F79EFBC}") = "ShoppingDB", "ShoppingDB\ShoppingDB.csproj", "{604AEB6D-D0A3-40E7-8C17-06EAF63C890B}"
EndProject
Global
	GlobalSection(SolutionConfigurationPlatforms) = preSolution
		Debug|Any CPU = Debug|Any CPU
		Release|Any CPU = Release|Any CPU
	EndGlobalSection
	GlobalSection(ProjectConfigurationPlatforms) = postSolution
		{604AEB6D-D0A3-40E7-8C17-06EAF63C890B}.Debug|Any CPU.ActiveCfg = Debug|Any CPU
		{604AEB6D-D0A3-40E7-8C17-06EAF63C890B}.Debug|Any CPU.Build.0 = Debug|Any CPU
		{604AEB6D-D0A3-40E7-8C17-06EAF63C890B}.Release|Any CPU.ActiveCfg = Release|Any CPU
		{604AEB6D-D0A3-40E7-8C17-06EAF63C890B}.Release|Any CPU.Build.0 = Release|Any CPU
	EndGlobalSection
	GlobalSection(SolutionProperties) = preSolution
		HideSolutionNode = FALSE
	EndGlobalSection
	GlobalSection(ExtensibilityGlobals) = postSolution
		SolutionGuid = {E985C1B0-E0C3-418B-A15F-7FEDC30E3FA1}
	EndGlobalSection
EndGlobal
